PODS:
  - Alamofire (4.0.1)
  - DynamicColor (3.1.0)
  - Moya (8.0.0-beta.3):
    - Moya/Core (= 8.0.0-beta.3)
  - Moya-ObjectMapper/Core (2.0.1):
    - Moya (= 8.0.0-beta.3)
    - ObjectMapper (= 2.2.0)
  - Moya-ObjectMapper/RxSwift (2.0.1):
    - Moya-ObjectMapper/Core
    - Moya/RxSwift
    - RxSwift
  - Moya/Core (8.0.0-beta.3):
    - Alamofire (~> 4.0.0)
    - Result
  - Moya/RxSwift (8.0.0-beta.3):
    - Moya/Core
    - RxSwift
  - Nimble (5.1.1)
  - ObjectMapper (2.2.0)
  - Quick (0.10.0)
  - Realm (2.0.3):
    - Realm/Headers (= 2.0.3)
  - Realm/Headers (2.0.3)
  - RealmSwift (2.0.3):
    - Realm (= 2.0.3)
  - Result (3.0.0)
  - RxCocoa (3.0.0):
    - RxSwift (~> 3.0)
  - RxSwift (3.0.0)
  - SnapKit (3.0.2)

DEPENDENCIES:
  - DynamicColor (~> 3.0)
  - Moya (= 8.0.0-beta.3)
  - Moya-ObjectMapper/RxSwift (from `https://github.com/ivanbruel/Moya-ObjectMapper`)
  - Nimble
  - ObjectMapper (~> 2.0)
  - Quick
  - RealmSwift
  - RxCocoa (~> 3.0)
  - RxSwift (~> 3.0)
  - SnapKit (~> 3.0)

EXTERNAL SOURCES:
  Moya-ObjectMapper:
    :git: https://github.com/ivanbruel/Moya-ObjectMapper

CHECKOUT OPTIONS:
  Moya-ObjectMapper:
    :commit: f84b344f52af474978585f225dbf67f7f98fddb9
    :git: https://github.com/ivanbruel/Moya-ObjectMapper

SPEC CHECKSUMS:
  Alamofire: 7682d43245de14874acd142ec137b144aa1dd335
  DynamicColor: 4dec283a881f7f9d9f3bc88fb5f306724242575f
  Moya: f83c7f81eaa28cb0151549dfcf1f3fda4440bb50
  Moya-ObjectMapper: 0fb52679d545e2c687d2ba128c42eb4047844a29
  Nimble: 415e3aa3267e7bc2c96b05fa814ddea7bb686a29
  ObjectMapper: 4060d739febae11ab0c6af8d786f98667c82e1bd
  Quick: 5d290df1c69d5ee2f0729956dcf0fd9a30447eaa
  Realm: 5f008bfe3c8c47142eddfc30b8c1584cde22db24
  RealmSwift: 5afb451f65b682242f272dbb52d5c6f6e343c980
  Result: 1b3e431f37cbcd3ad89c6aa9ab0ae55515fae3b6
  RxCocoa: 0a2f3ae381cf16f4021a4cee7a4420f83058a965
  RxSwift: a930cd662f5b4a7ca9dc3518585dba91dadf497c
  SnapKit: 2e456761aa92d4d4067a7a5594c18769d451a8ad

PODFILE CHECKSUM: ff3519b01fc3e20829d0bbf20e491082e3909cc6

COCOAPODS: 1.1.1
