PODS:
  - Alamofire (4.4.0)
  - DynamicColor (3.1.0)
  - Moya (8.0.3):
    - Moya/Core (= 8.0.3)
  - Moya-ObjectMapper/Core (2.3.1):
    - Moya (~> 8.0)
    - ObjectMapper (~> 2.2)
  - Moya-ObjectMapper/RxSwift (2.3.1):
    - Moya-ObjectMapper/Core
    - Moya/RxSwift
    - RxSwift (~> 3.1)
  - Moya/Core (8.0.3):
    - Alamofire (~> 4.1)
    - Result (~> 3.0)
  - Moya/RxSwift (8.0.3):
    - Moya/Core
    - RxSwift (~> 3.0)
  - Nimble (5.1.1)
  - ObjectMapper (2.2.5)
  - Quick (0.10.0)
  - Realm (2.0.3):
    - Realm/Headers (= 2.0.3)
  - Realm/Headers (2.0.3)
  - RealmSwift (2.0.3):
    - Realm (= 2.0.3)
  - Result (3.2.1)
  - RxCocoa (3.0.0):
    - RxSwift (~> 3.0)
  - RxSwift (3.4.0)
  - SnapKit (3.0.2)

DEPENDENCIES:
  - DynamicColor (~> 3.0)
  - Moya (~> 8.0)
  - Moya-ObjectMapper/RxSwift (~> 2.3)
  - Nimble
  - ObjectMapper (~> 2.0)
  - Quick
  - RealmSwift
  - RxCocoa (~> 3.0)
  - RxSwift (~> 3.4)
  - SnapKit (~> 3.0)

SPEC CHECKSUMS:
  Alamofire: dc44b1600b800eb63da6a19039a0083d62a6a62d
  DynamicColor: 4dec283a881f7f9d9f3bc88fb5f306724242575f
  Moya: d3721622e3cc0cc2f038d69a258686f0b66e7252
  Moya-ObjectMapper: 952be2b261d38cf8d973b7e429708eb03d256e23
  Nimble: 415e3aa3267e7bc2c96b05fa814ddea7bb686a29
  ObjectMapper: fb30f71e08470d1e5a20b199fafe1246281db898
  Quick: 5d290df1c69d5ee2f0729956dcf0fd9a30447eaa
  Realm: 5f008bfe3c8c47142eddfc30b8c1584cde22db24
  RealmSwift: 5afb451f65b682242f272dbb52d5c6f6e343c980
  Result: 2453a22e5c5b11c0c3a478736e82cd02f763b781
  RxCocoa: 0a2f3ae381cf16f4021a4cee7a4420f83058a965
  RxSwift: 3789a1af753002a14edecdb698a2424624296a9c
  SnapKit: 2e456761aa92d4d4067a7a5594c18769d451a8ad

PODFILE CHECKSUM: 9df1244d69b022084e153f2322c928b72e6e0353

COCOAPODS: 1.2.1
