// !$*UTF8*$!
{
	archiveVersion = 1;
	classes = {
	};
	objectVersion = 46;
	objects = {

/* Begin PBXBuildFile section */
		1879245E1DCB6C6000201F5F /* main.m in Sources */ = {isa = PBXBuildFile; fileRef = 1879245D1DCB6C6000201F5F /* main.m */; };
		187924611DCB6C6000201F5F /* AppDelegate.m in Sources */ = {isa = PBXBuildFile; fileRef = 187924601DCB6C6000201F5F /* AppDelegate.m */; };
		187924641DCB6C6000201F5F /* ViewController.m in Sources */ = {isa = PBXBuildFile; fileRef = 187924631DCB6C6000201F5F /* ViewController.m */; };
		187924671DCB6C6000201F5F /* Main.storyboard in Resources */ = {isa = PBXBuildFile; fileRef = 187924651DCB6C6000201F5F /* Main.storyboard */; };
		187924691DCB6C6100201F5F /* Assets.xcassets in Resources */ = {isa = PBXBuildFile; fileRef = 187924681DCB6C6100201F5F /* Assets.xcassets */; };
		1879246C1DCB6C6100201F5F /* LaunchScreen.storyboard in Resources */ = {isa = PBXBuildFile; fileRef = 1879246A1DCB6C6100201F5F /* LaunchScreen.storyboard */; };
		187924771DCB6C6100201F5F /* MyDiaryTests.m in Sources */ = {isa = PBXBuildFile; fileRef = 187924761DCB6C6100201F5F /* MyDiaryTests.m */; };
		187924821DCB6C6100201F5F /* MyDiaryUITests.m in Sources */ = {isa = PBXBuildFile; fileRef = 187924811DCB6C6100201F5F /* MyDiaryUITests.m */; };
		5881F30D2E74143DFA65E4A2 /* Pods_MyDiaryUITests.framework in Frameworks */ = {isa = PBXBuildFile; fileRef = 7B4EF6D3BF8852F86C9227F8 /* Pods_MyDiaryUITests.framework */; };
		8CA0D2F1BABBE87CAE9E1F24 /* Pods_MyDiaryTests.framework in Frameworks */ = {isa = PBXBuildFile; fileRef = 50CB6313022F36F15F6C903A /* Pods_MyDiaryTests.framework */; };
		94D3ACF061C081EAD7F1DDD7 /* Pods_MyDiary.framework in Frameworks */ = {isa = PBXBuildFile; fileRef = 140B975B9D4D2B553F504705 /* Pods_MyDiary.framework */; };
/* End PBXBuildFile section */

/* Begin PBXContainerItemProxy section */
		187924731DCB6C6100201F5F /* PBXContainerItemProxy */ = {
			isa = PBXContainerItemProxy;
			containerPortal = 187924511DCB6C6000201F5F /* Project object */;
			proxyType = 1;
			remoteGlobalIDString = 187924581DCB6C6000201F5F;
			remoteInfo = MyDiary;
		};
		1879247E1DCB6C6100201F5F /* PBXContainerItemProxy */ = {
			isa = PBXContainerItemProxy;
			containerPortal = 187924511DCB6C6000201F5F /* Project object */;
			proxyType = 1;
			remoteGlobalIDString = 187924581DCB6C6000201F5F;
			remoteInfo = MyDiary;
		};
/* End PBXContainerItemProxy section */

/* Begin PBXFileReference section */
		140B975B9D4D2B553F504705 /* Pods_MyDiary.framework */ = {isa = PBXFileReference; explicitFileType = wrapper.framework; includeInIndex = 0; path = Pods_MyDiary.framework; sourceTree = BUILT_PRODUCTS_DIR; };
		17E5708E1AB838066CFDD88D /* Pods-MyDiaryTests.debug.xcconfig */ = {isa = PBXFileReference; includeInIndex = 1; lastKnownFileType = text.xcconfig; name = "Pods-MyDiaryTests.debug.xcconfig"; path = "Pods/Target Support Files/Pods-MyDiaryTests/Pods-MyDiaryTests.debug.xcconfig"; sourceTree = "<group>"; };
		187924591DCB6C6000201F5F /* MyDiary.app */ = {isa = PBXFileReference; explicitFileType = wrapper.application; includeInIndex = 0; path = MyDiary.app; sourceTree = BUILT_PRODUCTS_DIR; };
		1879245D1DCB6C6000201F5F /* main.m */ = {isa = PBXFileReference; lastKnownFileType = sourcecode.c.objc; path = main.m; sourceTree = "<group>"; };
		1879245F1DCB6C6000201F5F /* AppDelegate.h */ = {isa = PBXFileReference; lastKnownFileType = sourcecode.c.h; path = AppDelegate.h; sourceTree = "<group>"; };
		187924601DCB6C6000201F5F /* AppDelegate.m */ = {isa = PBXFileReference; lastKnownFileType = sourcecode.c.objc; path = AppDelegate.m; sourceTree = "<group>"; };
		187924621DCB6C6000201F5F /* ViewController.h */ = {isa = PBXFileReference; lastKnownFileType = sourcecode.c.h; path = ViewController.h; sourceTree = "<group>"; };
		187924631DCB6C6000201F5F /* ViewController.m */ = {isa = PBXFileReference; lastKnownFileType = sourcecode.c.objc; path = ViewController.m; sourceTree = "<group>"; };
		187924661DCB6C6000201F5F /* Base */ = {isa = PBXFileReference; lastKnownFileType = file.storyboard; name = Base; path = Base.lproj/Main.storyboard; sourceTree = "<group>"; };
		187924681DCB6C6100201F5F /* Assets.xcassets */ = {isa = PBXFileReference; lastKnownFileType = folder.assetcatalog; path = Assets.xcassets; sourceTree = "<group>"; };
		1879246B1DCB6C6100201F5F /* Base */ = {isa = PBXFileReference; lastKnownFileType = file.storyboard; name = Base; path = Base.lproj/LaunchScreen.storyboard; sourceTree = "<group>"; };
		1879246D1DCB6C6100201F5F /* Info.plist */ = {isa = PBXFileReference; lastKnownFileType = text.plist.xml; path = Info.plist; sourceTree = "<group>"; };
		187924721DCB6C6100201F5F /* MyDiaryTests.xctest */ = {isa = PBXFileReference; explicitFileType = wrapper.cfbundle; includeInIndex = 0; path = MyDiaryTests.xctest; sourceTree = BUILT_PRODUCTS_DIR; };
		187924761DCB6C6100201F5F /* MyDiaryTests.m */ = {isa = PBXFileReference; lastKnownFileType = sourcecode.c.objc; path = MyDiaryTests.m; sourceTree = "<group>"; };
		187924781DCB6C6100201F5F /* Info.plist */ = {isa = PBXFileReference; lastKnownFileType = text.plist.xml; path = Info.plist; sourceTree = "<group>"; };
		1879247D1DCB6C6100201F5F /* MyDiaryUITests.xctest */ = {isa = PBXFileReference; explicitFileType = wrapper.cfbundle; includeInIndex = 0; path = MyDiaryUITests.xctest; sourceTree = BUILT_PRODUCTS_DIR; };
		187924811DCB6C6100201F5F /* MyDiaryUITests.m */ = {isa = PBXFileReference; lastKnownFileType = sourcecode.c.objc; path = MyDiaryUITests.m; sourceTree = "<group>"; };
		187924831DCB6C6100201F5F /* Info.plist */ = {isa = PBXFileReference; lastKnownFileType = text.plist.xml; path = Info.plist; sourceTree = "<group>"; };
		50CB6313022F36F15F6C903A /* Pods_MyDiaryTests.framework */ = {isa = PBXFileReference; explicitFileType = wrapper.framework; includeInIndex = 0; path = Pods_MyDiaryTests.framework; sourceTree = BUILT_PRODUCTS_DIR; };
		77EDF38566FEC6DD20B05E0C /* Pods-MyDiary.release.xcconfig */ = {isa = PBXFileReference; includeInIndex = 1; lastKnownFileType = text.xcconfig; name = "Pods-MyDiary.release.xcconfig"; path = "Pods/Target Support Files/Pods-MyDiary/Pods-MyDiary.release.xcconfig"; sourceTree = "<group>"; };
		7B4EF6D3BF8852F86C9227F8 /* Pods_MyDiaryUITests.framework */ = {isa = PBXFileReference; explicitFileType = wrapper.framework; includeInIndex = 0; path = Pods_MyDiaryUITests.framework; sourceTree = BUILT_PRODUCTS_DIR; };
		91059BDF83552CA588997F64 /* Pods-MyDiary.debug.xcconfig */ = {isa = PBXFileReference; includeInIndex = 1; lastKnownFileType = text.xcconfig; name = "Pods-MyDiary.debug.xcconfig"; path = "Pods/Target Support Files/Pods-MyDiary/Pods-MyDiary.debug.xcconfig"; sourceTree = "<group>"; };
		BF5559D9DA30A0AFB06099C2 /* Pods-MyDiaryUITests.debug.xcconfig */ = {isa = PBXFileReference; includeInIndex = 1; lastKnownFileType = text.xcconfig; name = "Pods-MyDiaryUITests.debug.xcconfig"; path = "Pods/Target Support Files/Pods-MyDiaryUITests/Pods-MyDiaryUITests.debug.xcconfig"; sourceTree = "<group>"; };
		E1582E8BEFBEA9190C3F19CB /* Pods-MyDiaryTests.release.xcconfig */ = {isa = PBXFileReference; includeInIndex = 1; lastKnownFileType = text.xcconfig; name = "Pods-MyDiaryTests.release.xcconfig"; path = "Pods/Target Support Files/Pods-MyDiaryTests/Pods-MyDiaryTests.release.xcconfig"; sourceTree = "<group>"; };
		EEEDAA56AC22CD0217E65227 /* Pods-MyDiaryUITests.release.xcconfig */ = {isa = PBXFileReference; includeInIndex = 1; lastKnownFileType = text.xcconfig; name = "Pods-MyDiaryUITests.release.xcconfig"; path = "Pods/Target Support Files/Pods-MyDiaryUITests/Pods-MyDiaryUITests.release.xcconfig"; sourceTree = "<group>"; };
/* End PBXFileReference section */

/* Begin PBXFrameworksBuildPhase section */
		187924561DCB6C6000201F5F /* Frameworks */ = {
			isa = PBXFrameworksBuildPhase;
			buildActionMask = 2147483647;
			files = (
				94D3ACF061C081EAD7F1DDD7 /* Pods_MyDiary.framework in Frameworks */,
			);
			runOnlyForDeploymentPostprocessing = 0;
		};
		1879246F1DCB6C6100201F5F /* Frameworks */ = {
			isa = PBXFrameworksBuildPhase;
			buildActionMask = 2147483647;
			files = (
				8CA0D2F1BABBE87CAE9E1F24 /* Pods_MyDiaryTests.framework in Frameworks */,
			);
			runOnlyForDeploymentPostprocessing = 0;
		};
		1879247A1DCB6C6100201F5F /* Frameworks */ = {
			isa = PBXFrameworksBuildPhase;
			buildActionMask = 2147483647;
			files = (
				5881F30D2E74143DFA65E4A2 /* Pods_MyDiaryUITests.framework in Frameworks */,
			);
			runOnlyForDeploymentPostprocessing = 0;
		};
/* End PBXFrameworksBuildPhase section */

/* Begin PBXGroup section */
		187924501DCB6C6000201F5F = {
			isa = PBXGroup;
			children = (
				1879245B1DCB6C6000201F5F /* MyDiary */,
				187924751DCB6C6100201F5F /* MyDiaryTests */,
				187924801DCB6C6100201F5F /* MyDiaryUITests */,
				1879245A1DCB6C6000201F5F /* Products */,
				CAFE1059BFCF7FD5BB98D7A9 /* Pods */,
				4B84149AB2FF7DA2BB99FA5D /* Frameworks */,
			);
			sourceTree = "<group>";
		};
		1879245A1DCB6C6000201F5F /* Products */ = {
			isa = PBXGroup;
			children = (
				187924591DCB6C6000201F5F /* MyDiary.app */,
				187924721DCB6C6100201F5F /* MyDiaryTests.xctest */,
				1879247D1DCB6C6100201F5F /* MyDiaryUITests.xctest */,
			);
			name = Products;
			sourceTree = "<group>";
		};
		1879245B1DCB6C6000201F5F /* MyDiary */ = {
			isa = PBXGroup;
			children = (
				1879245F1DCB6C6000201F5F /* AppDelegate.h */,
				187924601DCB6C6000201F5F /* AppDelegate.m */,
				187924621DCB6C6000201F5F /* ViewController.h */,
				187924631DCB6C6000201F5F /* ViewController.m */,
				187924651DCB6C6000201F5F /* Main.storyboard */,
				187924681DCB6C6100201F5F /* Assets.xcassets */,
				1879246A1DCB6C6100201F5F /* LaunchScreen.storyboard */,
				1879246D1DCB6C6100201F5F /* Info.plist */,
				1879245C1DCB6C6000201F5F /* Supporting Files */,
			);
			path = MyDiary;
			sourceTree = "<group>";
		};
		1879245C1DCB6C6000201F5F /* Supporting Files */ = {
			isa = PBXGroup;
			children = (
				1879245D1DCB6C6000201F5F /* main.m */,
			);
			name = "Supporting Files";
			sourceTree = "<group>";
		};
		187924751DCB6C6100201F5F /* MyDiaryTests */ = {
			isa = PBXGroup;
			children = (
				187924761DCB6C6100201F5F /* MyDiaryTests.m */,
				187924781DCB6C6100201F5F /* Info.plist */,
			);
			path = MyDiaryTests;
			sourceTree = "<group>";
		};
		187924801DCB6C6100201F5F /* MyDiaryUITests */ = {
			isa = PBXGroup;
			children = (
				187924811DCB6C6100201F5F /* MyDiaryUITests.m */,
				187924831DCB6C6100201F5F /* Info.plist */,
			);
			path = MyDiaryUITests;
			sourceTree = "<group>";
		};
		4B84149AB2FF7DA2BB99FA5D /* Frameworks */ = {
			isa = PBXGroup;
			children = (
				140B975B9D4D2B553F504705 /* Pods_MyDiary.framework */,
				50CB6313022F36F15F6C903A /* Pods_MyDiaryTests.framework */,
				7B4EF6D3BF8852F86C9227F8 /* Pods_MyDiaryUITests.framework */,
			);
			name = Frameworks;
			sourceTree = "<group>";
		};
		CAFE1059BFCF7FD5BB98D7A9 /* Pods */ = {
			isa = PBXGroup;
			children = (
				91059BDF83552CA588997F64 /* Pods-MyDiary.debug.xcconfig */,
				77EDF38566FEC6DD20B05E0C /* Pods-MyDiary.release.xcconfig */,
				17E5708E1AB838066CFDD88D /* Pods-MyDiaryTests.debug.xcconfig */,
				E1582E8BEFBEA9190C3F19CB /* Pods-MyDiaryTests.release.xcconfig */,
				BF5559D9DA30A0AFB06099C2 /* Pods-MyDiaryUITests.debug.xcconfig */,
				EEEDAA56AC22CD0217E65227 /* Pods-MyDiaryUITests.release.xcconfig */,
			);
			name = Pods;
			sourceTree = "<group>";
		};
/* End PBXGroup section */

/* Begin PBXNativeTarget section */
		187924581DCB6C6000201F5F /* MyDiary */ = {
			isa = PBXNativeTarget;
			buildConfigurationList = 187924861DCB6C6100201F5F /* Build configuration list for PBXNativeTarget "MyDiary" */;
			buildPhases = (
				A370B08A73BF9500FD50D923 /* [CP] Check Pods Manifest.lock */,
				187924551DCB6C6000201F5F /* Sources */,
				187924561DCB6C6000201F5F /* Frameworks */,
				187924571DCB6C6000201F5F /* Resources */,
				CBF6EFBE85980BD8579A6086 /* [CP] Embed Pods Frameworks */,
				9E7B087BF52A614E69A21507 /* [CP] Copy Pods Resources */,
			);
			buildRules = (
			);
			dependencies = (
			);
			name = MyDiary;
			productName = MyDiary;
			productReference = 187924591DCB6C6000201F5F /* MyDiary.app */;
			productType = "com.apple.product-type.application";
		};
		187924711DCB6C6100201F5F /* MyDiaryTests */ = {
			isa = PBXNativeTarget;
			buildConfigurationList = 187924891DCB6C6100201F5F /* Build configuration list for PBXNativeTarget "MyDiaryTests" */;
			buildPhases = (
				6DB563C407D845063C1A22F8 /* [CP] Check Pods Manifest.lock */,
				1879246E1DCB6C6100201F5F /* Sources */,
				1879246F1DCB6C6100201F5F /* Frameworks */,
				187924701DCB6C6100201F5F /* Resources */,
				99C25B8FC2F82A516E1F7C5A /* [CP] Embed Pods Frameworks */,
				F068B1BE98D7CFC4D461A144 /* [CP] Copy Pods Resources */,
			);
			buildRules = (
			);
			dependencies = (
				187924741DCB6C6100201F5F /* PBXTargetDependency */,
			);
			name = MyDiaryTests;
			productName = MyDiaryTests;
			productReference = 187924721DCB6C6100201F5F /* MyDiaryTests.xctest */;
			productType = "com.apple.product-type.bundle.unit-test";
		};
		1879247C1DCB6C6100201F5F /* MyDiaryUITests */ = {
			isa = PBXNativeTarget;
			buildConfigurationList = 1879248C1DCB6C6100201F5F /* Build configuration list for PBXNativeTarget "MyDiaryUITests" */;
			buildPhases = (
				4599D06987A0A38AD78F9C7C /* [CP] Check Pods Manifest.lock */,
				187924791DCB6C6100201F5F /* Sources */,
				1879247A1DCB6C6100201F5F /* Frameworks */,
				1879247B1DCB6C6100201F5F /* Resources */,
				25AEFD39792593013A05172C /* [CP] Embed Pods Frameworks */,
				DF36820E1B1C70D85A35D755 /* [CP] Copy Pods Resources */,
			);
			buildRules = (
			);
			dependencies = (
				1879247F1DCB6C6100201F5F /* PBXTargetDependency */,
			);
			name = MyDiaryUITests;
			productName = MyDiaryUITests;
			productReference = 1879247D1DCB6C6100201F5F /* MyDiaryUITests.xctest */;
			productType = "com.apple.product-type.bundle.ui-testing";
		};
/* End PBXNativeTarget section */

/* Begin PBXProject section */
		187924511DCB6C6000201F5F /* Project object */ = {
			isa = PBXProject;
			attributes = {
				LastUpgradeCheck = 0800;
				ORGANIZATIONNAME = CapsLock;
				TargetAttributes = {
					187924581DCB6C6000201F5F = {
						CreatedOnToolsVersion = 8.0;
						DevelopmentTeam = ZT2WJ442QP;
						ProvisioningStyle = Automatic;
					};
					187924711DCB6C6100201F5F = {
						CreatedOnToolsVersion = 8.0;
						DevelopmentTeam = ZT2WJ442QP;
						ProvisioningStyle = Automatic;
						TestTargetID = 187924581DCB6C6000201F5F;
					};
					1879247C1DCB6C6100201F5F = {
						CreatedOnToolsVersion = 8.0;
						DevelopmentTeam = ZT2WJ442QP;
						ProvisioningStyle = Automatic;
						TestTargetID = 187924581DCB6C6000201F5F;
					};
				};
			};
			buildConfigurationList = 187924541DCB6C6000201F5F /* Build configuration list for PBXProject "MyDiary" */;
			compatibilityVersion = "Xcode 3.2";
			developmentRegion = English;
			hasScannedForEncodings = 0;
			knownRegions = (
				en,
				Base,
			);
			mainGroup = 187924501DCB6C6000201F5F;
			productRefGroup = 1879245A1DCB6C6000201F5F /* Products */;
			projectDirPath = "";
			projectRoot = "";
			targets = (
				187924581DCB6C6000201F5F /* MyDiary */,
				187924711DCB6C6100201F5F /* MyDiaryTests */,
				1879247C1DCB6C6100201F5F /* MyDiaryUITests */,
			);
		};
/* End PBXProject section */

/* Begin PBXResourcesBuildPhase section */
		187924571DCB6C6000201F5F /* Resources */ = {
			isa = PBXResourcesBuildPhase;
			buildActionMask = 2147483647;
			files = (
				1879246C1DCB6C6100201F5F /* LaunchScreen.storyboard in Resources */,
				187924691DCB6C6100201F5F /* Assets.xcassets in Resources */,
				187924671DCB6C6000201F5F /* Main.storyboard in Resources */,
			);
			runOnlyForDeploymentPostprocessing = 0;
		};
		187924701DCB6C6100201F5F /* Resources */ = {
			isa = PBXResourcesBuildPhase;
			buildActionMask = 2147483647;
			files = (
			);
			runOnlyForDeploymentPostprocessing = 0;
		};
		1879247B1DCB6C6100201F5F /* Resources */ = {
			isa = PBXResourcesBuildPhase;
			buildActionMask = 2147483647;
			files = (
			);
			runOnlyForDeploymentPostprocessing = 0;
		};
/* End PBXResourcesBuildPhase section */

/* Begin PBXShellScriptBuildPhase section */
		25AEFD39792593013A05172C /* [CP] Embed Pods Frameworks */ = {
			isa = PBXShellScriptBuildPhase;
			buildActionMask = 2147483647;
			files = (
			);
			inputPaths = (
			);
			name = "[CP] Embed Pods Frameworks";
			outputPaths = (
			);
			runOnlyForDeploymentPostprocessing = 0;
			shellPath = /bin/sh;
			shellScript = "\"${SRCROOT}/Pods/Target Support Files/Pods-MyDiaryUITests/Pods-MyDiaryUITests-frameworks.sh\"\n";
			showEnvVarsInLog = 0;
		};
		4599D06987A0A38AD78F9C7C /* [CP] Check Pods Manifest.lock */ = {
			isa = PBXShellScriptBuildPhase;
			buildActionMask = 2147483647;
			files = (
			);
			inputPaths = (
			);
			name = "[CP] Check Pods Manifest.lock";
			outputPaths = (
			);
			runOnlyForDeploymentPostprocessing = 0;
			shellPath = /bin/sh;
			shellScript = "diff \"${PODS_PODFILE_DIR_PATH}/Podfile.lock\" \"${PODS_ROOT}/Manifest.lock\" > /dev/null\nif [ $? != 0 ] ; then\n    # print error to STDERR\n    echo \"error: The sandbox is not in sync with the Podfile.lock. Run 'pod install' or update your CocoaPods installation.\" >&2\n    exit 1\nfi\n";
			showEnvVarsInLog = 0;
		};
		6DB563C407D845063C1A22F8 /* [CP] Check Pods Manifest.lock */ = {
			isa = PBXShellScriptBuildPhase;
			buildActionMask = 2147483647;
			files = (
			);
			inputPaths = (
			);
			name = "[CP] Check Pods Manifest.lock";
			outputPaths = (
			);
			runOnlyForDeploymentPostprocessing = 0;
			shellPath = /bin/sh;
			shellScript = "diff \"${PODS_PODFILE_DIR_PATH}/Podfile.lock\" \"${PODS_ROOT}/Manifest.lock\" > /dev/null\nif [ $? != 0 ] ; then\n    # print error to STDERR\n    echo \"error: The sandbox is not in sync with the Podfile.lock. Run 'pod install' or update your CocoaPods installation.\" >&2\n    exit 1\nfi\n";
			showEnvVarsInLog = 0;
		};
		99C25B8FC2F82A516E1F7C5A /* [CP] Embed Pods Frameworks */ = {
			isa = PBXShellScriptBuildPhase;
			buildActionMask = 2147483647;
			files = (
			);
			inputPaths = (
			);
			name = "[CP] Embed Pods Frameworks";
			outputPaths = (
			);
			runOnlyForDeploymentPostprocessing = 0;
			shellPath = /bin/sh;
			shellScript = "\"${SRCROOT}/Pods/Target Support Files/Pods-MyDiaryTests/Pods-MyDiaryTests-frameworks.sh\"\n";
			showEnvVarsInLog = 0;
		};
		9E7B087BF52A614E69A21507 /* [CP] Copy Pods Resources */ = {
			isa = PBXShellScriptBuildPhase;
			buildActionMask = 2147483647;
			files = (
			);
			inputPaths = (
			);
			name = "[CP] Copy Pods Resources";
			outputPaths = (
			);
			runOnlyForDeploymentPostprocessing = 0;
			shellPath = /bin/sh;
			shellScript = "\"${SRCROOT}/Pods/Target Support Files/Pods-MyDiary/Pods-MyDiary-resources.sh\"\n";
			showEnvVarsInLog = 0;
		};
		A370B08A73BF9500FD50D923 /* [CP] Check Pods Manifest.lock */ = {
			isa = PBXShellScriptBuildPhase;
			buildActionMask = 2147483647;
			files = (
			);
			inputPaths = (
			);
			name = "[CP] Check Pods Manifest.lock";
			outputPaths = (
			);
			runOnlyForDeploymentPostprocessing = 0;
			shellPath = /bin/sh;
			shellScript = "diff \"${PODS_PODFILE_DIR_PATH}/Podfile.lock\" \"${PODS_ROOT}/Manifest.lock\" > /dev/null\nif [ $? != 0 ] ; then\n    # print error to STDERR\n    echo \"error: The sandbox is not in sync with the Podfile.lock. Run 'pod install' or update your CocoaPods installation.\" >&2\n    exit 1\nfi\n";
			showEnvVarsInLog = 0;
		};
		CBF6EFBE85980BD8579A6086 /* [CP] Embed Pods Frameworks */ = {
			isa = PBXShellScriptBuildPhase;
			buildActionMask = 2147483647;
			files = (
			);
			inputPaths = (
			);
			name = "[CP] Embed Pods Frameworks";
			outputPaths = (
			);
			runOnlyForDeploymentPostprocessing = 0;
			shellPath = /bin/sh;
			shellScript = "\"${SRCROOT}/Pods/Target Support Files/Pods-MyDiary/Pods-MyDiary-frameworks.sh\"\n";
			showEnvVarsInLog = 0;
		};
		DF36820E1B1C70D85A35D755 /* [CP] Copy Pods Resources */ = {
			isa = PBXShellScriptBuildPhase;
			buildActionMask = 2147483647;
			files = (
			);
			inputPaths = (
			);
			name = "[CP] Copy Pods Resources";
			outputPaths = (
			);
			runOnlyForDeploymentPostprocessing = 0;
			shellPath = /bin/sh;
			shellScript = "\"${SRCROOT}/Pods/Target Support Files/Pods-MyDiaryUITests/Pods-MyDiaryUITests-resources.sh\"\n";
			showEnvVarsInLog = 0;
		};
		F068B1BE98D7CFC4D461A144 /* [CP] Copy Pods Resources */ = {
			isa = PBXShellScriptBuildPhase;
			buildActionMask = 2147483647;
			files = (
			);
			inputPaths = (
			);
			name = "[CP] Copy Pods Resources";
			outputPaths = (
			);
			runOnlyForDeploymentPostprocessing = 0;
			shellPath = /bin/sh;
			shellScript = "\"${SRCROOT}/Pods/Target Support Files/Pods-MyDiaryTests/Pods-MyDiaryTests-resources.sh\"\n";
			showEnvVarsInLog = 0;
		};
/* End PBXShellScriptBuildPhase section */

/* Begin PBXSourcesBuildPhase section */
		187924551DCB6C6000201F5F /* Sources */ = {
			isa = PBXSourcesBuildPhase;
			buildActionMask = 2147483647;
			files = (
				187924641DCB6C6000201F5F /* ViewController.m in Sources */,
				187924611DCB6C6000201F5F /* AppDelegate.m in Sources */,
				1879245E1DCB6C6000201F5F /* main.m in Sources */,
			);
			runOnlyForDeploymentPostprocessing = 0;
		};
		1879246E1DCB6C6100201F5F /* Sources */ = {
			isa = PBXSourcesBuildPhase;
			buildActionMask = 2147483647;
			files = (
				187924771DCB6C6100201F5F /* MyDiaryTests.m in Sources */,
			);
			runOnlyForDeploymentPostprocessing = 0;
		};
		187924791DCB6C6100201F5F /* Sources */ = {
			isa = PBXSourcesBuildPhase;
			buildActionMask = 2147483647;
			files = (
				187924821DCB6C6100201F5F /* MyDiaryUITests.m in Sources */,
			);
			runOnlyForDeploymentPostprocessing = 0;
		};
/* End PBXSourcesBuildPhase section */

/* Begin PBXTargetDependency section */
		187924741DCB6C6100201F5F /* PBXTargetDependency */ = {
			isa = PBXTargetDependency;
			target = 187924581DCB6C6000201F5F /* MyDiary */;
			targetProxy = 187924731DCB6C6100201F5F /* PBXContainerItemProxy */;
		};
		1879247F1DCB6C6100201F5F /* PBXTargetDependency */ = {
			isa = PBXTargetDependency;
			target = 187924581DCB6C6000201F5F /* MyDiary */;
			targetProxy = 1879247E1DCB6C6100201F5F /* PBXContainerItemProxy */;
		};
/* End PBXTargetDependency section */

/* Begin PBXVariantGroup section */
		187924651DCB6C6000201F5F /* Main.storyboard */ = {
			isa = PBXVariantGroup;
			children = (
				187924661DCB6C6000201F5F /* Base */,
			);
			name = Main.storyboard;
			sourceTree = "<group>";
		};
		1879246A1DCB6C6100201F5F /* LaunchScreen.storyboard */ = {
			isa = PBXVariantGroup;
			children = (
				1879246B1DCB6C6100201F5F /* Base */,
			);
			name = LaunchScreen.storyboard;
			sourceTree = "<group>";
		};
/* End PBXVariantGroup section */

/* Begin XCBuildConfiguration section */
		187924841DCB6C6100201F5F /* Debug */ = {
			isa = XCBuildConfiguration;
			buildSettings = {
				ALWAYS_SEARCH_USER_PATHS = NO;
				CLANG_ANALYZER_NONNULL = YES;
				CLANG_CXX_LANGUAGE_STANDARD = "gnu++0x";
				CLANG_CXX_LIBRARY = "libc++";
				CLANG_ENABLE_MODULES = YES;
				CLANG_ENABLE_OBJC_ARC = YES;
				CLANG_WARN_BOOL_CONVERSION = YES;
				CLANG_WARN_CONSTANT_CONVERSION = YES;
				CLANG_WARN_DIRECT_OBJC_ISA_USAGE = YES_ERROR;
				CLANG_WARN_DOCUMENTATION_COMMENTS = YES;
				CLANG_WARN_EMPTY_BODY = YES;
				CLANG_WARN_ENUM_CONVERSION = YES;
				CLANG_WARN_INFINITE_RECURSION = YES;
				CLANG_WARN_INT_CONVERSION = YES;
				CLANG_WARN_OBJC_ROOT_CLASS = YES_ERROR;
				CLANG_WARN_SUSPICIOUS_MOVES = YES;
				CLANG_WARN_UNREACHABLE_CODE = YES;
				CLANG_WARN__DUPLICATE_METHOD_MATCH = YES;
				"CODE_SIGN_IDENTITY[sdk=iphoneos*]" = "iPhone Developer";
				COPY_PHASE_STRIP = NO;
				DEBUG_INFORMATION_FORMAT = dwarf;
				ENABLE_STRICT_OBJC_MSGSEND = YES;
				ENABLE_TESTABILITY = YES;
				GCC_C_LANGUAGE_STANDARD = gnu99;
				GCC_DYNAMIC_NO_PIC = NO;
				GCC_NO_COMMON_BLOCKS = YES;
				GCC_OPTIMIZATION_LEVEL = 0;
				GCC_PREPROCESSOR_DEFINITIONS = (
					"DEBUG=1",
					"$(inherited)",
				);
				GCC_WARN_64_TO_32_BIT_CONVERSION = YES;
				GCC_WARN_ABOUT_RETURN_TYPE = YES_ERROR;
				GCC_WARN_UNDECLARED_SELECTOR = YES;
				GCC_WARN_UNINITIALIZED_AUTOS = YES_AGGRESSIVE;
				GCC_WARN_UNUSED_FUNCTION = YES;
				GCC_WARN_UNUSED_VARIABLE = YES;
				IPHONEOS_DEPLOYMENT_TARGET = 10.0;
				MTL_ENABLE_DEBUG_INFO = YES;
				ONLY_ACTIVE_ARCH = YES;
				SDKROOT = iphoneos;
			};
			name = Debug;
		};
		187924851DCB6C6100201F5F /* Release */ = {
			isa = XCBuildConfiguration;
			buildSettings = {
				ALWAYS_SEARCH_USER_PATHS = NO;
				CLANG_ANALYZER_NONNULL = YES;
				CLANG_CXX_LANGUAGE_STANDARD = "gnu++0x";
				CLANG_CXX_LIBRARY = "libc++";
				CLANG_ENABLE_MODULES = YES;
				CLANG_ENABLE_OBJC_ARC = YES;
				CLANG_WARN_BOOL_CONVERSION = YES;
				CLANG_WARN_CONSTANT_CONVERSION = YES;
				CLANG_WARN_DIRECT_OBJC_ISA_USAGE = YES_ERROR;
				CLANG_WARN_DOCUMENTATION_COMMENTS = YES;
				CLANG_WARN_EMPTY_BODY = YES;
				CLANG_WARN_ENUM_CONVERSION = YES;
				CLANG_WARN_INFINITE_RECURSION = YES;
				CLANG_WARN_INT_CONVERSION = YES;
				CLANG_WARN_OBJC_ROOT_CLASS = YES_ERROR;
				CLANG_WARN_SUSPICIOUS_MOVES = YES;
				CLANG_WARN_UNREACHABLE_CODE = YES;
				CLANG_WARN__DUPLICATE_METHOD_MATCH = YES;
				"CODE_SIGN_IDENTITY[sdk=iphoneos*]" = "iPhone Developer";
				COPY_PHASE_STRIP = NO;
				DEBUG_INFORMATION_FORMAT = "dwarf-with-dsym";
				ENABLE_NS_ASSERTIONS = NO;
				ENABLE_STRICT_OBJC_MSGSEND = YES;
				GCC_C_LANGUAGE_STANDARD = gnu99;
				GCC_NO_COMMON_BLOCKS = YES;
				GCC_WARN_64_TO_32_BIT_CONVERSION = YES;
				GCC_WARN_ABOUT_RETURN_TYPE = YES_ERROR;
				GCC_WARN_UNDECLARED_SELECTOR = YES;
				GCC_WARN_UNINITIALIZED_AUTOS = YES_AGGRESSIVE;
				GCC_WARN_UNUSED_FUNCTION = YES;
				GCC_WARN_UNUSED_VARIABLE = YES;
				IPHONEOS_DEPLOYMENT_TARGET = 10.0;
				MTL_ENABLE_DEBUG_INFO = NO;
				SDKROOT = iphoneos;
				VALIDATE_PRODUCT = YES;
			};
			name = Release;
		};
		187924871DCB6C6100201F5F /* Debug */ = {
			isa = XCBuildConfiguration;
			baseConfigurationReference = 91059BDF83552CA588997F64 /* Pods-MyDiary.debug.xcconfig */;
			buildSettings = {
				ASSETCATALOG_COMPILER_APPICON_NAME = AppIcon;
				DEVELOPMENT_TEAM = ZT2WJ442QP;
				INFOPLIST_FILE = MyDiary/Info.plist;
				LD_RUNPATH_SEARCH_PATHS = "$(inherited) @executable_path/Frameworks";
				PRODUCT_BUNDLE_IDENTIFIER = org.capslock.MyDiary;
				PRODUCT_NAME = "$(TARGET_NAME)";
			};
			name = Debug;
		};
		187924881DCB6C6100201F5F /* Release */ = {
			isa = XCBuildConfiguration;
			baseConfigurationReference = 77EDF38566FEC6DD20B05E0C /* Pods-MyDiary.release.xcconfig */;
			buildSettings = {
				ASSETCATALOG_COMPILER_APPICON_NAME = AppIcon;
				DEVELOPMENT_TEAM = ZT2WJ442QP;
				INFOPLIST_FILE = MyDiary/Info.plist;
				LD_RUNPATH_SEARCH_PATHS = "$(inherited) @executable_path/Frameworks";
				PRODUCT_BUNDLE_IDENTIFIER = org.capslock.MyDiary;
				PRODUCT_NAME = "$(TARGET_NAME)";
			};
			name = Release;
		};
		1879248A1DCB6C6100201F5F /* Debug */ = {
			isa = XCBuildConfiguration;
			baseConfigurationReference = 17E5708E1AB838066CFDD88D /* Pods-MyDiaryTests.debug.xcconfig */;
			buildSettings = {
				BUNDLE_LOADER = "$(TEST_HOST)";
				DEVELOPMENT_TEAM = ZT2WJ442QP;
				INFOPLIST_FILE = MyDiaryTests/Info.plist;
				LD_RUNPATH_SEARCH_PATHS = "$(inherited) @executable_path/Frameworks @loader_path/Frameworks";
				PRODUCT_BUNDLE_IDENTIFIER = org.capslock.MyDiaryTests;
				PRODUCT_NAME = "$(TARGET_NAME)";
				TEST_HOST = "$(BUILT_PRODUCTS_DIR)/MyDiary.app/MyDiary";
			};
			name = Debug;
		};
		1879248B1DCB6C6100201F5F /* Release */ = {
			isa = XCBuildConfiguration;
			baseConfigurationReference = E1582E8BEFBEA9190C3F19CB /* Pods-MyDiaryTests.release.xcconfig */;
			buildSettings = {
				BUNDLE_LOADER = "$(TEST_HOST)";
				DEVELOPMENT_TEAM = ZT2WJ442QP;
				INFOPLIST_FILE = MyDiaryTests/Info.plist;
				LD_RUNPATH_SEARCH_PATHS = "$(inherited) @executable_path/Frameworks @loader_path/Frameworks";
				PRODUCT_BUNDLE_IDENTIFIER = org.capslock.MyDiaryTests;
				PRODUCT_NAME = "$(TARGET_NAME)";
				TEST_HOST = "$(BUILT_PRODUCTS_DIR)/MyDiary.app/MyDiary";
			};
			name = Release;
		};
		1879248D1DCB6C6100201F5F /* Debug */ = {
			isa = XCBuildConfiguration;
			baseConfigurationReference = BF5559D9DA30A0AFB06099C2 /* Pods-MyDiaryUITests.debug.xcconfig */;
			buildSettings = {
				DEVELOPMENT_TEAM = ZT2WJ442QP;
				INFOPLIST_FILE = MyDiaryUITests/Info.plist;
				LD_RUNPATH_SEARCH_PATHS = "$(inherited) @executable_path/Frameworks @loader_path/Frameworks";
				PRODUCT_BUNDLE_IDENTIFIER = org.capslock.MyDiaryUITests;
				PRODUCT_NAME = "$(TARGET_NAME)";
				TEST_TARGET_NAME = MyDiary;
			};
			name = Debug;
		};
		1879248E1DCB6C6100201F5F /* Release */ = {
			isa = XCBuildConfiguration;
			baseConfigurationReference = EEEDAA56AC22CD0217E65227 /* Pods-MyDiaryUITests.release.xcconfig */;
			buildSettings = {
				DEVELOPMENT_TEAM = ZT2WJ442QP;
				INFOPLIST_FILE = MyDiaryUITests/Info.plist;
				LD_RUNPATH_SEARCH_PATHS = "$(inherited) @executable_path/Frameworks @loader_path/Frameworks";
				PRODUCT_BUNDLE_IDENTIFIER = org.capslock.MyDiaryUITests;
				PRODUCT_NAME = "$(TARGET_NAME)";
				TEST_TARGET_NAME = MyDiary;
			};
			name = Release;
		};
/* End XCBuildConfiguration section */

/* Begin XCConfigurationList section */
		187924541DCB6C6000201F5F /* Build configuration list for PBXProject "MyDiary" */ = {
			isa = XCConfigurationList;
			buildConfigurations = (
				187924841DCB6C6100201F5F /* Debug */,
				187924851DCB6C6100201F5F /* Release */,
			);
			defaultConfigurationIsVisible = 0;
			defaultConfigurationName = Release;
		};
		187924861DCB6C6100201F5F /* Build configuration list for PBXNativeTarget "MyDiary" */ = {
			isa = XCConfigurationList;
			buildConfigurations = (
				187924871DCB6C6100201F5F /* Debug */,
				187924881DCB6C6100201F5F /* Release */,
			);
			defaultConfigurationIsVisible = 0;
		};
		187924891DCB6C6100201F5F /* Build configuration list for PBXNativeTarget "MyDiaryTests" */ = {
			isa = XCConfigurationList;
			buildConfigurations = (
				1879248A1DCB6C6100201F5F /* Debug */,
				1879248B1DCB6C6100201F5F /* Release */,
			);
			defaultConfigurationIsVisible = 0;
		};
		1879248C1DCB6C6100201F5F /* Build configuration list for PBXNativeTarget "MyDiaryUITests" */ = {
			isa = XCConfigurationList;
			buildConfigurations = (
				1879248D1DCB6C6100201F5F /* Debug */,
				1879248E1DCB6C6100201F5F /* Release */,
			);
			defaultConfigurationIsVisible = 0;
		};
/* End XCConfigurationList section */
	};
	rootObject = 187924511DCB6C6000201F5F /* Project object */;
}
